github.com/kimjooyoon/gooo-decision-runtime v0.2.26-experimental h1:L7knWc3XmvJnMV/a4uGophsNzY3sI8nxsmuubAguCBA=
github.com/kimjooyoon/gooo-decision-runtime v0.2.26-experimental/go.mod h1:CZZpB8EgZRzGnNmzzttFMSfEOJIXAWXQuqvgzTXBhrk=
github.com/kimjooyoon/gooo-jev v0.0.0-20261005004607-ae1a015c4b33 h1:M4iA73HLw2iliWRu6Lb9vhEcyWpacNYsnsR3XSde6Ho=
github.com/kimjooyoon/gooo-jev v0.0.0-20261005004607-ae1a015c4b33/go.mod h1:7GjDhKHtMeBMQHkCWXuqsdO1tUfwQBWgi/DYC5PTt88=
